<?xml version="1.0" encoding="utf-8"?>
<Project ToolsVersion="4.0" xmlns="http://schemas.microsoft.com/developer/msbuild/2003">
  <ItemGroup>
    <Filter Include="Source Files">
      <UniqueIdentifier>{4FC737F1-C7A5-4376-A066-2A32D752A2FF}</UniqueIdentifier>
      <Extensions>cpp;c;cc;cxx;c++;cppm;ixx;def;odl;idl;hpj;bat;asm;asmx</Extensions>
    </Filter>
    <Filter Include="Header Files">
      <UniqueIdentifier>{93995380-89BD-4b04-88EB-625FBE52EBFB}</UniqueIdentifier>
      <Extensions>h;hh;hpp;hxx;h++;hm;inl;inc;ipp;xsd</Extensions>
    </Filter>
    <Filter Include="Resource Files">
      <UniqueIdentifier>{67DA6AB6-F800-4c08-8B7A-83BB121AAD01}</UniqueIdentifier>
      <Extensions>rc;ico;cur;bmp;dlg;rc2;rct;bin;rgs;gif;jpg;jpeg;jpe;resx;tiff;tif;png;wav;mfcribbon-ms</Extensions>
    </Filter>
    <Filter Include="Source Files\shaders">
      <UniqueIdentifier>{f504a33a-4c6c-42be-a819-b0b055678a5a}</UniqueIdentifier>
    </Filter>
    <Filter Include="Source Files\include">
      <UniqueIdentifier>{54b0875a-0c3c-4ce2-bc5d-618bb118c1d0}</UniqueIdentifier>
    </Filter>
    <Filter Include="Source Files\lib">
      <UniqueIdentifier>{ce9fcaab-6a77-4a75-8aa6-ef816781f25e}</UniqueIdentifier>
    </Filter>
  </ItemGroup>
  <ItemGroup>
    <ClCompile Include="hello_triangle.cpp">
      <Filter>Source Files</Filter>
    </ClCompile>
    <ClCompile Include="hello_triangle_indexed.cpp">
      <Filter>Source Files</Filter>
    </ClCompile>
    <ClCompile Include="multiplevertexobj.cpp">
      <Filter>Source Files</Filter>
    </ClCompile>
    <ClCompile Include="hello_triangle_exercise1.cpp">
      <Filter>Source Files</Filter>
    </ClCompile>
    <ClCompile Include="hello_triangle_exercise2.cpp">
      <Filter>Source Files</Filter>
    </ClCompile>
    <ClCompile Include="hello_triangle_exercise3.cpp">
      <Filter>Source Files</Filter>
    </ClCompile>
    <ClCompile Include="shaders_initial.cpp">
      <Filter>Source Files</Filter>
    </ClCompile>
    <ClCompile Include="shaders_uniform.cpp">
      <Filter>Source Files</Filter>
    </ClCompile>
    <ClCompile Include="shaders_attributes.cpp">
      <Filter>Source Files</Filter>
    </ClCompile>
    <ClCompile Include="testshader.cpp">
      <Filter>Source Files</Filter>
    </ClCompile>
    <ClCompile Include="lib\glad.c">
      <Filter>Source Files</Filter>
    </ClCompile>
    <ClCompile Include="textures.cpp">
      <Filter>Source Files</Filter>
    </ClCompile>
    <ClCompile Include="stb_image.cpp">
      <Filter>Source Files</Filter>
    </ClCompile>
    <ClCompile Include="4.2.textures.cpp">
      <Filter>Source Files</Filter>
    </ClCompile>
  </ItemGroup>
  <ItemGroup>
    <None Include="shader.vertex">
      <Filter>Source Files\shaders</Filter>
    </None>
    <None Include="shader.frag">
      <Filter>Source Files\shaders</Filter>
    </None>
    <None Include="texture.frag">
      <Filter>Source Files\shaders</Filter>
    </None>
    <None Include="texture.vertex">
      <Filter>Source Files\shaders</Filter>
    </None>
    <None Include="4.2.texture.f">
      <Filter>Source Files\shaders</Filter>
    </None>
    <None Include="4.2.texture.v">
      <Filter>Source Files\shaders</Filter>
    </None>
  </ItemGroup>
  <ItemGroup>
    <ClInclude Include="..\..\..\..\..\workrelated\opengl_libraries\include\learnnopengl\shader_s.h">
      <Filter>Header Files</Filter>
    </ClInclude>
  </ItemGroup>
</Project>