<?xml version="1.0" encoding="utf-8"?>
<Project ToolsVersion="4.0" xmlns="http://schemas.microsoft.com/developer/msbuild/2003">
  <ItemGroup>
    <Filter Include="Source Files">
      <UniqueIdentifier>{4FC737F1-C7A5-4376-A066-2A32D752A2FF}</UniqueIdentifier>
      <Extensions>cpp;c;cc;cxx;c++;cppm;ixx;def;odl;idl;hpj;bat;asm;asmx</Extensions>
    </Filter>
    <Filter Include="Header Files">
      <UniqueIdentifier>{93995380-89BD-4b04-88EB-625FBE52EBFB}</UniqueIdentifier>
      <Extensions>h;hh;hpp;hxx;h++;hm;inl;inc;ipp;xsd</Extensions>
    </Filter>
    <Filter Include="Resource Files">
      <UniqueIdentifier>{67DA6AB6-F800-4c08-8B7A-83BB121AAD01}</UniqueIdentifier>
      <Extensions>rc;ico;cur;bmp;dlg;rc2;rct;bin;rgs;gif;jpg;jpeg;jpe;resx;tiff;tif;png;wav;mfcribbon-ms</Extensions>
    </Filter>
    <Filter Include="Source Files\shaders">
      <UniqueIdentifier>{f504a33a-4c6c-42be-a819-b0b055678a5a}</UniqueIdentifier>
    </Filter>
    <Filter Include="Source Files\include">
      <UniqueIdentifier>{54b0875a-0c3c-4ce2-bc5d-618bb118c1d0}</UniqueIdentifier>
    </Filter>
    <Filter Include="Source Files\lib">
      <UniqueIdentifier>{ce9fcaab-6a77-4a75-8aa6-ef816781f25e}</UniqueIdentifier>
    </Filter>
    <Filter Include="Source Files\chapter2">
      <UniqueIdentifier>{ce79b448-0e37-4c15-87c5-44f5a4122ad8}</UniqueIdentifier>
    </Filter>
    <Filter Include="Source Files\chapter2\basiclighting">
      <UniqueIdentifier>{d51d4611-6a80-446a-99b5-e2fa56251333}</UniqueIdentifier>
    </Filter>
    <Filter Include="Source Files\chapter1">
      <UniqueIdentifier>{aeac1a3d-afb6-4dd3-9388-922afc94923a}</UniqueIdentifier>
    </Filter>
    <Filter Include="Source Files\chapter2\diffuse">
      <UniqueIdentifier>{5f0c827b-ec9e-4ca7-8d79-c9a02e2c0751}</UniqueIdentifier>
    </Filter>
    <Filter Include="Source Files\chapter2\specular">
      <UniqueIdentifier>{0dcf2000-93b8-4b38-84da-dac05dba5fa4}</UniqueIdentifier>
    </Filter>
    <Filter Include="Source Files\chapter2\specular_view_space">
      <UniqueIdentifier>{89a8e7c7-bc57-49eb-9621-905fda20e902}</UniqueIdentifier>
    </Filter>
    <Filter Include="Source Files\chapter2\specular_gouraud">
      <UniqueIdentifier>{b06aa046-66d6-4b3b-bc1c-75bad7be7f75}</UniqueIdentifier>
    </Filter>
    <Filter Include="Source Files\chapter2\materials">
      <UniqueIdentifier>{463dc031-05d2-48bf-b4f3-9d55c8055be1}</UniqueIdentifier>
    </Filter>
    <Filter Include="Source Files\chapter2\diffuse_maps">
      <UniqueIdentifier>{42ea7afc-a9e3-40b4-b9a7-df88266ba551}</UniqueIdentifier>
    </Filter>
    <Filter Include="Source Files\playground">
      <UniqueIdentifier>{78296d0e-db42-4a47-a750-dd36ff0d683f}</UniqueIdentifier>
    </Filter>
  </ItemGroup>
  <ItemGroup>
    <ClCompile Include="lib\glad.c">
      <Filter>Source Files</Filter>
    </ClCompile>
    <ClCompile Include="basic_lighting.cpp">
      <Filter>Source Files\chapter2\basiclighting</Filter>
    </ClCompile>
    <ClCompile Include="basic\4.2.textures.cpp">
      <Filter>Source Files\chapter1</Filter>
    </ClCompile>
    <ClCompile Include="basic\camera.cpp">
      <Filter>Source Files\chapter1</Filter>
    </ClCompile>
    <ClCompile Include="basic\camera\camera_class.cpp">
      <Filter>Source Files\chapter1</Filter>
    </ClCompile>
    <ClCompile Include="basic\camera\camera_controls.cpp">
      <Filter>Source Files\chapter1</Filter>
    </ClCompile>
    <ClCompile Include="basic\camera\camera_pitch&amp;yaw.cpp">
      <Filter>Source Files\chapter1</Filter>
    </ClCompile>
    <ClCompile Include="lighting\1.colors\colors.cpp">
      <Filter>Source Files\chapter1</Filter>
    </ClCompile>
    <ClCompile Include="basic\coodirnate_system_exercises.cpp">
      <Filter>Source Files\chapter1</Filter>
    </ClCompile>
    <ClCompile Include="basic\coordinate_depth_3ds.cpp">
      <Filter>Source Files\chapter1</Filter>
    </ClCompile>
    <ClCompile Include="basic\coordinate_system.cpp">
      <Filter>Source Files\chapter1</Filter>
    </ClCompile>
    <ClCompile Include="basic\camera\exercise.cpp">
      <Filter>Source Files\chapter1</Filter>
    </ClCompile>
    <ClCompile Include="basic\hello_triangle.cpp">
      <Filter>Source Files\chapter1</Filter>
    </ClCompile>
    <ClCompile Include="basic\hello_triangle_exercise1.cpp">
      <Filter>Source Files\chapter1</Filter>
    </ClCompile>
    <ClCompile Include="basic\hello_triangle_exercise2.cpp">
      <Filter>Source Files\chapter1</Filter>
    </ClCompile>
    <ClCompile Include="basic\hello_triangle_exercise3.cpp">
      <Filter>Source Files\chapter1</Filter>
    </ClCompile>
    <ClCompile Include="basic\hello_triangle_indexed.cpp">
      <Filter>Source Files\chapter1</Filter>
    </ClCompile>
    <ClCompile Include="basic\multiplevertexobj.cpp">
      <Filter>Source Files\chapter1</Filter>
    </ClCompile>
    <ClCompile Include="basic\shaders_attributes.cpp">
      <Filter>Source Files\chapter1</Filter>
    </ClCompile>
    <ClCompile Include="basic\shaders_initial.cpp">
      <Filter>Source Files\chapter1</Filter>
    </ClCompile>
    <ClCompile Include="basic\shaders_uniform.cpp">
      <Filter>Source Files\chapter1</Filter>
    </ClCompile>
    <ClCompile Include="basic\stb_image.cpp">
      <Filter>Source Files\chapter1</Filter>
    </ClCompile>
    <ClCompile Include="basic\testshader.cpp">
      <Filter>Source Files\chapter1</Filter>
    </ClCompile>
    <ClCompile Include="basic\textures.cpp">
      <Filter>Source Files\chapter1</Filter>
    </ClCompile>
    <ClCompile Include="diffuse_lighting.cpp">
      <Filter>Source Files\chapter2\diffuse</Filter>
    </ClCompile>
    <ClCompile Include="chapter-2\specular.cpp">
      <Filter>Source Files\chapter2\specular</Filter>
    </ClCompile>
    <ClCompile Include="chapter-2\specular_gouraud.cpp">
      <Filter>Source Files\chapter2\specular_gouraud</Filter>
    </ClCompile>
    <ClCompile Include="chapter-2\specular_gouraud.vsh">
      <Filter>Source Files\chapter2\specular_gouraud</Filter>
    </ClCompile>
    <ClCompile Include="chapter-2\specular_gouraud.fsh">
      <Filter>Source Files\chapter2\specular_gouraud</Filter>
    </ClCompile>
    <ClCompile Include="chapter-2\specular_view_space.cpp">
      <Filter>Source Files\chapter2\specular_view_space</Filter>
    </ClCompile>
    <ClCompile Include="material.cpp">
      <Filter>Source Files\chapter2\materials</Filter>
    </ClCompile>
    <ClCompile Include="diffuse_maps.cpp">
      <Filter>Source Files\chapter2\diffuse_maps</Filter>
    </ClCompile>
    <ClCompile Include="playground.cpp">
      <Filter>Source Files\playground</Filter>
    </ClCompile>
  </ItemGroup>
  <ItemGroup>
    <None Include="basic\shader.vertex">
      <Filter>Source Files\shaders</Filter>
    </None>
    <None Include="basic\shader.frag">
      <Filter>Source Files\shaders</Filter>
    </None>
    <None Include="basic\texture.frag">
      <Filter>Source Files\shaders</Filter>
    </None>
    <None Include="basic\texture.vertex">
      <Filter>Source Files\shaders</Filter>
    </None>
    <None Include="basic\4.2.texture.f">
      <Filter>Source Files\shaders</Filter>
    </None>
    <None Include="basic\4.2.texture.v">
      <Filter>Source Files\shaders</Filter>
    </None>
    <None Include="basic\camera\coord.vertex">
      <Filter>Source Files\shaders</Filter>
    </None>
    <None Include="basic\camera\coord.frag">
      <Filter>Source Files\shaders</Filter>
    </None>
    <None Include="basic_lighting.fsh">
      <Filter>Source Files\chapter2\basiclighting</Filter>
    </None>
    <None Include="light_cube.fsh">
      <Filter>Source Files\chapter2\basiclighting</Filter>
    </None>
    <None Include="diffuse.fsh">
      <Filter>Source Files\chapter2\diffuse</Filter>
    </None>
    <None Include="specular.fsh">
      <Filter>Source Files\chapter2\specular</Filter>
    </None>
    <None Include="specular_view.fsh">
      <Filter>Source Files\chapter2\specular_view_space</Filter>
    </None>
    <None Include="material.fsh">
      <Filter>Source Files\chapter2\materials</Filter>
    </None>
    <None Include="light_cube_m.fsh">
      <Filter>Source Files\chapter2\materials</Filter>
    </None>
    <None Include="diffuse_maps.fsh">
      <Filter>Source Files\chapter2\diffuse_maps</Filter>
    </None>
    <None Include="diffuse_maps_ex2.fsh">
      <Filter>Source Files\chapter2\diffuse_maps</Filter>
    </None>
    <None Include="playground.fsh">
      <Filter>Source Files\playground</Filter>
    </None>
  </ItemGroup>
  <ItemGroup>
    <ClInclude Include="include\shader.h">
      <Filter>Header Files</Filter>
    </ClInclude>
    <ClInclude Include="include\camera.h">
      <Filter>Header Files</Filter>
    </ClInclude>
  </ItemGroup>
  <ItemGroup>
    <FxCompile Include="basic_lighting.vsh">
      <Filter>Source Files\chapter2\basiclighting</Filter>
    </FxCompile>
    <FxCompile Include="light_cube.vsh">
      <Filter>Source Files\chapter2\basiclighting</Filter>
    </FxCompile>
    <FxCompile Include="diffuse.vsh">
      <Filter>Source Files\chapter2\diffuse</Filter>
    </FxCompile>
    <FxCompile Include="specular.vsh">
      <Filter>Source Files\chapter2\specular</Filter>
    </FxCompile>
    <FxCompile Include="specular_view.vsh">
      <Filter>Source Files\chapter2\specular_view_space</Filter>
    </FxCompile>
    <FxCompile Include="diffuse_maps.vsh">
      <Filter>Source Files\chapter2\diffuse_maps</Filter>
    </FxCompile>
    <FxCompile Include="playground.vsh">
      <Filter>Source Files\playground</Filter>
    </FxCompile>
  </ItemGroup>
</Project>